
Microsoft Visual Studio Solution File, Format Version 12.00
# Visual Studio 14
VisualStudioVersion = 14.0.25420.1
MinimumVisualStudioVersion = 10.0.40219.1
Project("{D954291E-2A0B-460D-934E-DC6B0785DB48}") = "IotRemote", "IotRemote\IotRemote\IotRemote.shproj", "{ED65245E-F793-4CB5-8767-57FFA9A32B3A}"
EndProject
Project("{FAE04EC0-301F-11D3-BF4B-00C04F79EFBC}") = "IotRemote.Droid", "IotRemote\IotRemote.Droid\IotRemote.Droid.csproj", "{0D74DEE0-142B-4274-8740-634772BC1CDA}"
EndProject
Project("{FAE04EC0-301F-11D3-BF4B-00C04F79EFBC}") = "IotRemote.iOS", "IotRemote\IotRemote.iOS\IotRemote.iOS.csproj", "{998A85AC-760C-4506-8F84-14BC819099BB}"
EndProject
Project("{FAE04EC0-301F-11D3-BF4B-00C04F79EFBC}") = "IotRemote.WinPhone", "IotRemote\IotRemote.WinPhone\IotRemote.WinPhone.csproj", "{4DB08821-BF72-4BA6-A8C0-F6C24D1DD36F}"
EndProject
Project("{FAE04EC0-301F-11D3-BF4B-00C04F79EFBC}") = "IotRemote.Windows", "IotRemote\IotRemote.Windows\IotRemote.Windows.csproj", "{9FB7DAC6-A620-456B-96C1-BB62A66C25EA}"
EndProject
Global
	GlobalSection(SharedMSBuildProjectFiles) = preSolution
		IotRemote\IotRemote\IotRemote.projitems*{0d74dee0-142b-4274-8740-634772bc1cda}*SharedItemsImports = 4
		IotRemote\IotRemote\IotRemote.projitems*{998a85ac-760c-4506-8f84-14bc819099bb}*SharedItemsImports = 4
		IotRemote\IotRemote\IotRemote.projitems*{ed65245e-f793-4cb5-8767-57ffa9a32b3a}*SharedItemsImports = 13
	EndGlobalSection
	GlobalSection(SolutionConfigurationPlatforms) = preSolution
		Ad-Hoc|Any CPU = Ad-Hoc|Any CPU
		Ad-Hoc|ARM = Ad-Hoc|ARM
		Ad-Hoc|iPhone = Ad-Hoc|iPhone
		Ad-Hoc|iPhoneSimulator = Ad-Hoc|iPhoneSimulator
		Ad-Hoc|x64 = Ad-Hoc|x64
		Ad-Hoc|x86 = Ad-Hoc|x86
		AppStore|Any CPU = AppStore|Any CPU
		AppStore|ARM = AppStore|ARM
		AppStore|iPhone = AppStore|iPhone
		AppStore|iPhoneSimulator = AppStore|iPhoneSimulator
		AppStore|x64 = AppStore|x64
		AppStore|x86 = AppStore|x86
		Debug|Any CPU = Debug|Any CPU
		Debug|ARM = Debug|ARM
		Debug|iPhone = Debug|iPhone
		Debug|iPhoneSimulator = Debug|iPhoneSimulator
		Debug|x64 = Debug|x64
		Debug|x86 = Debug|x86
		Release|Any CPU = Release|Any CPU
		Release|ARM = Release|ARM
		Release|iPhone = Release|iPhone
		Release|iPhoneSimulator = Release|iPhoneSimulator
		Release|x64 = Release|x64
		Release|x86 = Release|x86
	EndGlobalSection
	GlobalSection(ProjectConfigurationPlatforms) = postSolution
		{0D74DEE0-142B-4274-8740-634772BC1CDA}.Ad-Hoc|Any CPU.ActiveCfg = Release|Any CPU
		{0D74DEE0-142B-4274-8740-634772BC1CDA}.Ad-Hoc|Any CPU.Build.0 = Release|Any CPU
		{0D74DEE0-142B-4274-8740-634772BC1CDA}.Ad-Hoc|Any CPU.Deploy.0 = Release|Any CPU
		{0D74DEE0-142B-4274-8740-634772BC1CDA}.Ad-Hoc|ARM.ActiveCfg = Release|Any CPU
		{0D74DEE0-142B-4274-8740-634772BC1CDA}.Ad-Hoc|ARM.Build.0 = Release|Any CPU
		{0D74DEE0-142B-4274-8740-634772BC1CDA}.Ad-Hoc|ARM.Deploy.0 = Release|Any CPU
		{0D74DEE0-142B-4274-8740-634772BC1CDA}.Ad-Hoc|iPhone.ActiveCfg = Release|Any CPU
		{0D74DEE0-142B-4274-8740-634772BC1CDA}.Ad-Hoc|iPhone.Build.0 = Release|Any CPU
		{0D74DEE0-142B-4274-8740-634772BC1CDA}.Ad-Hoc|iPhone.Deploy.0 = Release|Any CPU
		{0D74DEE0-142B-4274-8740-634772BC1CDA}.Ad-Hoc|iPhoneSimulator.ActiveCfg = Release|Any CPU
		{0D74DEE0-142B-4274-8740-634772BC1CDA}.Ad-Hoc|iPhoneSimulator.Build.0 = Release|Any CPU
		{0D74DEE0-142B-4274-8740-634772BC1CDA}.Ad-Hoc|iPhoneSimulator.Deploy.0 = Release|Any CPU
		{0D74DEE0-142B-4274-8740-634772BC1CDA}.Ad-Hoc|x64.ActiveCfg = Release|Any CPU
		{0D74DEE0-142B-4274-8740-634772BC1CDA}.Ad-Hoc|x64.Build.0 = Release|Any CPU
		{0D74DEE0-142B-4274-8740-634772BC1CDA}.Ad-Hoc|x64.Deploy.0 = Release|Any CPU
		{0D74DEE0-142B-4274-8740-634772BC1CDA}.Ad-Hoc|x86.ActiveCfg = Release|Any CPU
		{0D74DEE0-142B-4274-8740-634772BC1CDA}.Ad-Hoc|x86.Build.0 = Release|Any CPU
		{0D74DEE0-142B-4274-8740-634772BC1CDA}.Ad-Hoc|x86.Deploy.0 = Release|Any CPU
		{0D74DEE0-142B-4274-8740-634772BC1CDA}.AppStore|Any CPU.ActiveCfg = Release|Any CPU
		{0D74DEE0-142B-4274-8740-634772BC1CDA}.AppStore|Any CPU.Build.0 = Release|Any CPU
		{0D74DEE0-142B-4274-8740-634772BC1CDA}.AppStore|Any CPU.Deploy.0 = Release|Any CPU
		{0D74DEE0-142B-4274-8740-634772BC1CDA}.AppStore|ARM.ActiveCfg = Release|Any CPU
		{0D74DEE0-142B-4274-8740-634772BC1CDA}.AppStore|ARM.Build.0 = Release|Any CPU
		{0D74DEE0-142B-4274-8740-634772BC1CDA}.AppStore|ARM.Deploy.0 = Release|Any CPU
		{0D74DEE0-142B-4274-8740-634772BC1CDA}.AppStore|iPhone.ActiveCfg = Release|Any CPU
		{0D74DEE0-142B-4274-8740-634772BC1CDA}.AppStore|iPhone.Build.0 = Release|Any CPU
		{0D74DEE0-142B-4274-8740-634772BC1CDA}.AppStore|iPhone.Deploy.0 = Release|Any CPU
		{0D74DEE0-142B-4274-8740-634772BC1CDA}.AppStore|iPhoneSimulator.ActiveCfg = Release|Any CPU
		{0D74DEE0-142B-4274-8740-634772BC1CDA}.AppStore|iPhoneSimulator.Build.0 = Release|Any CPU
		{0D74DEE0-142B-4274-8740-634772BC1CDA}.AppStore|iPhoneSimulator.Deploy.0 = Release|Any CPU
		{0D74DEE0-142B-4274-8740-634772BC1CDA}.AppStore|x64.ActiveCfg = Release|Any CPU
		{0D74DEE0-142B-4274-8740-634772BC1CDA}.AppStore|x64.Build.0 = Release|Any CPU
		{0D74DEE0-142B-4274-8740-634772BC1CDA}.AppStore|x64.Deploy.0 = Release|Any CPU
		{0D74DEE0-142B-4274-8740-634772BC1CDA}.AppStore|x86.ActiveCfg = Release|Any CPU
		{0D74DEE0-142B-4274-8740-634772BC1CDA}.AppStore|x86.Build.0 = Release|Any CPU
		{0D74DEE0-142B-4274-8740-634772BC1CDA}.AppStore|x86.Deploy.0 = Release|Any CPU
		{0D74DEE0-142B-4274-8740-634772BC1CDA}.Debug|Any CPU.ActiveCfg = Debug|Any CPU
		{0D74DEE0-142B-4274-8740-634772BC1CDA}.Debug|Any CPU.Build.0 = Debug|Any CPU
		{0D74DEE0-142B-4274-8740-634772BC1CDA}.Debug|Any CPU.Deploy.0 = Debug|Any CPU
		{0D74DEE0-142B-4274-8740-634772BC1CDA}.Debug|ARM.ActiveCfg = Debug|Any CPU
		{0D74DEE0-142B-4274-8740-634772BC1CDA}.Debug|ARM.Build.0 = Debug|Any CPU
		{0D74DEE0-142B-4274-8740-634772BC1CDA}.Debug|ARM.Deploy.0 = Debug|Any CPU
		{0D74DEE0-142B-4274-8740-634772BC1CDA}.Debug|iPhone.ActiveCfg = Debug|Any CPU
		{0D74DEE0-142B-4274-8740-634772BC1CDA}.Debug|iPhone.Build.0 = Debug|Any CPU
		{0D74DEE0-142B-4274-8740-634772BC1CDA}.Debug|iPhone.Deploy.0 = Debug|Any CPU
		{0D74DEE0-142B-4274-8740-634772BC1CDA}.Debug|iPhoneSimulator.ActiveCfg = Debug|Any CPU
		{0D74DEE0-142B-4274-8740-634772BC1CDA}.Debug|iPhoneSimulator.Build.0 = Debug|Any CPU
		{0D74DEE0-142B-4274-8740-634772BC1CDA}.Debug|iPhoneSimulator.Deploy.0 = Debug|Any CPU
		{0D74DEE0-142B-4274-8740-634772BC1CDA}.Debug|x64.ActiveCfg = Debug|Any CPU
		{0D74DEE0-142B-4274-8740-634772BC1CDA}.Debug|x64.Build.0 = Debug|Any CPU
		{0D74DEE0-142B-4274-8740-634772BC1CDA}.Debug|x64.Deploy.0 = Debug|Any CPU
		{0D74DEE0-142B-4274-8740-634772BC1CDA}.Debug|x86.ActiveCfg = Debug|Any CPU
		{0D74DEE0-142B-4274-8740-634772BC1CDA}.Debug|x86.Build.0 = Debug|Any CPU
		{0D74DEE0-142B-4274-8740-634772BC1CDA}.Debug|x86.Deploy.0 = Debug|Any CPU
		{0D74DEE0-142B-4274-8740-634772BC1CDA}.Release|Any CPU.ActiveCfg = Release|Any CPU
		{0D74DEE0-142B-4274-8740-634772BC1CDA}.Release|Any CPU.Build.0 = Release|Any CPU
		{0D74DEE0-142B-4274-8740-634772BC1CDA}.Release|Any CPU.Deploy.0 = Release|Any CPU
		{0D74DEE0-142B-4274-8740-634772BC1CDA}.Release|ARM.ActiveCfg = Release|Any CPU
		{0D74DEE0-142B-4274-8740-634772BC1CDA}.Release|ARM.Build.0 = Release|Any CPU
		{0D74DEE0-142B-4274-8740-634772BC1CDA}.Release|ARM.Deploy.0 = Release|Any CPU
		{0D74DEE0-142B-4274-8740-634772BC1CDA}.Release|iPhone.ActiveCfg = Release|Any CPU
		{0D74DEE0-142B-4274-8740-634772BC1CDA}.Release|iPhone.Build.0 = Release|Any CPU
		{0D74DEE0-142B-4274-8740-634772BC1CDA}.Release|iPhone.Deploy.0 = Release|Any CPU
		{0D74DEE0-142B-4274-8740-634772BC1CDA}.Release|iPhoneSimulator.ActiveCfg = Release|Any CPU
		{0D74DEE0-142B-4274-8740-634772BC1CDA}.Release|iPhoneSimulator.Build.0 = Release|Any CPU
		{0D74DEE0-142B-4274-8740-634772BC1CDA}.Release|iPhoneSimulator.Deploy.0 = Release|Any CPU
		{0D74DEE0-142B-4274-8740-634772BC1CDA}.Release|x64.ActiveCfg = Release|Any CPU
		{0D74DEE0-142B-4274-8740-634772BC1CDA}.Release|x64.Build.0 = Release|Any CPU
		{0D74DEE0-142B-4274-8740-634772BC1CDA}.Release|x64.Deploy.0 = Release|Any CPU
		{0D74DEE0-142B-4274-8740-634772BC1CDA}.Release|x86.ActiveCfg = Release|Any CPU
		{0D74DEE0-142B-4274-8740-634772BC1CDA}.Release|x86.Build.0 = Release|Any CPU
		{0D74DEE0-142B-4274-8740-634772BC1CDA}.Release|x86.Deploy.0 = Release|Any CPU
		{998A85AC-760C-4506-8F84-14BC819099BB}.Ad-Hoc|Any CPU.ActiveCfg = Ad-Hoc|iPhone
		{998A85AC-760C-4506-8F84-14BC819099BB}.Ad-Hoc|ARM.ActiveCfg = Ad-Hoc|iPhone
		{998A85AC-760C-4506-8F84-14BC819099BB}.Ad-Hoc|iPhone.ActiveCfg = Ad-Hoc|iPhone
		{998A85AC-760C-4506-8F84-14BC819099BB}.Ad-Hoc|iPhone.Build.0 = Ad-Hoc|iPhone
		{998A85AC-760C-4506-8F84-14BC819099BB}.Ad-Hoc|iPhoneSimulator.ActiveCfg = Ad-Hoc|iPhoneSimulator
		{998A85AC-760C-4506-8F84-14BC819099BB}.Ad-Hoc|iPhoneSimulator.Build.0 = Ad-Hoc|iPhoneSimulator
		{998A85AC-760C-4506-8F84-14BC819099BB}.Ad-Hoc|x64.ActiveCfg = Ad-Hoc|iPhone
		{998A85AC-760C-4506-8F84-14BC819099BB}.Ad-Hoc|x86.ActiveCfg = Ad-Hoc|iPhone
		{998A85AC-760C-4506-8F84-14BC819099BB}.AppStore|Any CPU.ActiveCfg = AppStore|iPhone
		{998A85AC-760C-4506-8F84-14BC819099BB}.AppStore|ARM.ActiveCfg = AppStore|iPhone
		{998A85AC-760C-4506-8F84-14BC819099BB}.AppStore|iPhone.ActiveCfg = AppStore|iPhone
		{998A85AC-760C-4506-8F84-14BC819099BB}.AppStore|iPhone.Build.0 = AppStore|iPhone
		{998A85AC-760C-4506-8F84-14BC819099BB}.AppStore|iPhoneSimulator.ActiveCfg = AppStore|iPhoneSimulator
		{998A85AC-760C-4506-8F84-14BC819099BB}.AppStore|iPhoneSimulator.Build.0 = AppStore|iPhoneSimulator
		{998A85AC-760C-4506-8F84-14BC819099BB}.AppStore|x64.ActiveCfg = AppStore|iPhone
		{998A85AC-760C-4506-8F84-14BC819099BB}.AppStore|x86.ActiveCfg = AppStore|iPhone
		{998A85AC-760C-4506-8F84-14BC819099BB}.Debug|Any CPU.ActiveCfg = Debug|iPhone
		{998A85AC-760C-4506-8F84-14BC819099BB}.Debug|ARM.ActiveCfg = Debug|iPhone
		{998A85AC-760C-4506-8F84-14BC819099BB}.Debug|iPhone.ActiveCfg = Debug|iPhone
		{998A85AC-760C-4506-8F84-14BC819099BB}.Debug|iPhone.Build.0 = Debug|iPhone
		{998A85AC-760C-4506-8F84-14BC819099BB}.Debug|iPhoneSimulator.ActiveCfg = Debug|iPhoneSimulator
		{998A85AC-760C-4506-8F84-14BC819099BB}.Debug|iPhoneSimulator.Build.0 = Debug|iPhoneSimulator
		{998A85AC-760C-4506-8F84-14BC819099BB}.Debug|x64.ActiveCfg = Debug|iPhone
		{998A85AC-760C-4506-8F84-14BC819099BB}.Debug|x86.ActiveCfg = Debug|iPhone
		{998A85AC-760C-4506-8F84-14BC819099BB}.Release|Any CPU.ActiveCfg = Release|iPhone
		{998A85AC-760C-4506-8F84-14BC819099BB}.Release|ARM.ActiveCfg = Release|iPhone
		{998A85AC-760C-4506-8F84-14BC819099BB}.Release|iPhone.ActiveCfg = Release|iPhone
		{998A85AC-760C-4506-8F84-14BC819099BB}.Release|iPhone.Build.0 = Release|iPhone
		{998A85AC-760C-4506-8F84-14BC819099BB}.Release|iPhoneSimulator.ActiveCfg = Release|iPhoneSimulator
		{998A85AC-760C-4506-8F84-14BC819099BB}.Release|iPhoneSimulator.Build.0 = Release|iPhoneSimulator
		{998A85AC-760C-4506-8F84-14BC819099BB}.Release|x64.ActiveCfg = Release|iPhone
		{998A85AC-760C-4506-8F84-14BC819099BB}.Release|x86.ActiveCfg = Release|iPhone
		{4DB08821-BF72-4BA6-A8C0-F6C24D1DD36F}.Ad-Hoc|Any CPU.ActiveCfg = Release|Any CPU
		{4DB08821-BF72-4BA6-A8C0-F6C24D1DD36F}.Ad-Hoc|Any CPU.Build.0 = Release|Any CPU
		{4DB08821-BF72-4BA6-A8C0-F6C24D1DD36F}.Ad-Hoc|Any CPU.Deploy.0 = Release|Any CPU
		{4DB08821-BF72-4BA6-A8C0-F6C24D1DD36F}.Ad-Hoc|ARM.ActiveCfg = Release|ARM
		{4DB08821-BF72-4BA6-A8C0-F6C24D1DD36F}.Ad-Hoc|ARM.Build.0 = Release|ARM
		{4DB08821-BF72-4BA6-A8C0-F6C24D1DD36F}.Ad-Hoc|ARM.Deploy.0 = Release|ARM
		{4DB08821-BF72-4BA6-A8C0-F6C24D1DD36F}.Ad-Hoc|iPhone.ActiveCfg = Release|Any CPU
		{4DB08821-BF72-4BA6-A8C0-F6C24D1DD36F}.Ad-Hoc|iPhone.Build.0 = Release|Any CPU
		{4DB08821-BF72-4BA6-A8C0-F6C24D1DD36F}.Ad-Hoc|iPhone.Deploy.0 = Release|Any CPU
		{4DB08821-BF72-4BA6-A8C0-F6C24D1DD36F}.Ad-Hoc|iPhoneSimulator.ActiveCfg = Release|Any CPU
		{4DB08821-BF72-4BA6-A8C0-F6C24D1DD36F}.Ad-Hoc|iPhoneSimulator.Build.0 = Release|Any CPU
		{4DB08821-BF72-4BA6-A8C0-F6C24D1DD36F}.Ad-Hoc|iPhoneSimulator.Deploy.0 = Release|Any CPU
		{4DB08821-BF72-4BA6-A8C0-F6C24D1DD36F}.Ad-Hoc|x64.ActiveCfg = Release|Any CPU
		{4DB08821-BF72-4BA6-A8C0-F6C24D1DD36F}.Ad-Hoc|x64.Build.0 = Release|Any CPU
		{4DB08821-BF72-4BA6-A8C0-F6C24D1DD36F}.Ad-Hoc|x64.Deploy.0 = Release|Any CPU
		{4DB08821-BF72-4BA6-A8C0-F6C24D1DD36F}.Ad-Hoc|x86.ActiveCfg = Release|x86
		{4DB08821-BF72-4BA6-A8C0-F6C24D1DD36F}.Ad-Hoc|x86.Build.0 = Release|x86
		{4DB08821-BF72-4BA6-A8C0-F6C24D1DD36F}.Ad-Hoc|x86.Deploy.0 = Release|x86
		{4DB08821-BF72-4BA6-A8C0-F6C24D1DD36F}.AppStore|Any CPU.ActiveCfg = Release|Any CPU
		{4DB08821-BF72-4BA6-A8C0-F6C24D1DD36F}.AppStore|Any CPU.Build.0 = Release|Any CPU
		{4DB08821-BF72-4BA6-A8C0-F6C24D1DD36F}.AppStore|Any CPU.Deploy.0 = Release|Any CPU
		{4DB08821-BF72-4BA6-A8C0-F6C24D1DD36F}.AppStore|ARM.ActiveCfg = Release|ARM
		{4DB08821-BF72-4BA6-A8C0-F6C24D1DD36F}.AppStore|ARM.Build.0 = Release|ARM
		{4DB08821-BF72-4BA6-A8C0-F6C24D1DD36F}.AppStore|ARM.Deploy.0 = Release|ARM
		{4DB08821-BF72-4BA6-A8C0-F6C24D1DD36F}.AppStore|iPhone.ActiveCfg = Release|Any CPU
		{4DB08821-BF72-4BA6-A8C0-F6C24D1DD36F}.AppStore|iPhone.Build.0 = Release|Any CPU
		{4DB08821-BF72-4BA6-A8C0-F6C24D1DD36F}.AppStore|iPhone.Deploy.0 = Release|Any CPU
		{4DB08821-BF72-4BA6-A8C0-F6C24D1DD36F}.AppStore|iPhoneSimulator.ActiveCfg = Release|Any CPU
		{4DB08821-BF72-4BA6-A8C0-F6C24D1DD36F}.AppStore|iPhoneSimulator.Build.0 = Release|Any CPU
		{4DB08821-BF72-4BA6-A8C0-F6C24D1DD36F}.AppStore|iPhoneSimulator.Deploy.0 = Release|Any CPU
		{4DB08821-BF72-4BA6-A8C0-F6C24D1DD36F}.AppStore|x64.ActiveCfg = Release|Any CPU
		{4DB08821-BF72-4BA6-A8C0-F6C24D1DD36F}.AppStore|x64.Build.0 = Release|Any CPU
		{4DB08821-BF72-4BA6-A8C0-F6C24D1DD36F}.AppStore|x64.Deploy.0 = Release|Any CPU
		{4DB08821-BF72-4BA6-A8C0-F6C24D1DD36F}.AppStore|x86.ActiveCfg = Release|x86
		{4DB08821-BF72-4BA6-A8C0-F6C24D1DD36F}.AppStore|x86.Build.0 = Release|x86
		{4DB08821-BF72-4BA6-A8C0-F6C24D1DD36F}.AppStore|x86.Deploy.0 = Release|x86
		{4DB08821-BF72-4BA6-A8C0-F6C24D1DD36F}.Debug|Any CPU.ActiveCfg = Debug|Any CPU
		{4DB08821-BF72-4BA6-A8C0-F6C24D1DD36F}.Debug|Any CPU.Build.0 = Debug|Any CPU
		{4DB08821-BF72-4BA6-A8C0-F6C24D1DD36F}.Debug|Any CPU.Deploy.0 = Debug|Any CPU
		{4DB08821-BF72-4BA6-A8C0-F6C24D1DD36F}.Debug|ARM.ActiveCfg = Debug|ARM
		{4DB08821-BF72-4BA6-A8C0-F6C24D1DD36F}.Debug|ARM.Build.0 = Debug|ARM
		{4DB08821-BF72-4BA6-A8C0-F6C24D1DD36F}.Debug|ARM.Deploy.0 = Debug|ARM
		{4DB08821-BF72-4BA6-A8C0-F6C24D1DD36F}.Debug|iPhone.ActiveCfg = Debug|Any CPU
		{4DB08821-BF72-4BA6-A8C0-F6C24D1DD36F}.Debug|iPhone.Build.0 = Debug|Any CPU
		{4DB08821-BF72-4BA6-A8C0-F6C24D1DD36F}.Debug|iPhone.Deploy.0 = Debug|Any CPU
		{4DB08821-BF72-4BA6-A8C0-F6C24D1DD36F}.Debug|iPhoneSimulator.ActiveCfg = Debug|Any CPU
		{4DB08821-BF72-4BA6-A8C0-F6C24D1DD36F}.Debug|iPhoneSimulator.Build.0 = Debug|Any CPU
		{4DB08821-BF72-4BA6-A8C0-F6C24D1DD36F}.Debug|iPhoneSimulator.Deploy.0 = Debug|Any CPU
		{4DB08821-BF72-4BA6-A8C0-F6C24D1DD36F}.Debug|x64.ActiveCfg = Debug|Any CPU
		{4DB08821-BF72-4BA6-A8C0-F6C24D1DD36F}.Debug|x64.Build.0 = Debug|Any CPU
		{4DB08821-BF72-4BA6-A8C0-F6C24D1DD36F}.Debug|x64.Deploy.0 = Debug|Any CPU
		{4DB08821-BF72-4BA6-A8C0-F6C24D1DD36F}.Debug|x86.ActiveCfg = Debug|x86
		{4DB08821-BF72-4BA6-A8C0-F6C24D1DD36F}.Debug|x86.Build.0 = Debug|x86
		{4DB08821-BF72-4BA6-A8C0-F6C24D1DD36F}.Debug|x86.Deploy.0 = Debug|x86
		{4DB08821-BF72-4BA6-A8C0-F6C24D1DD36F}.Release|Any CPU.ActiveCfg = Release|Any CPU
		{4DB08821-BF72-4BA6-A8C0-F6C24D1DD36F}.Release|Any CPU.Build.0 = Release|Any CPU
		{4DB08821-BF72-4BA6-A8C0-F6C24D1DD36F}.Release|Any CPU.Deploy.0 = Release|Any CPU
		{4DB08821-BF72-4BA6-A8C0-F6C24D1DD36F}.Release|ARM.ActiveCfg = Release|ARM
		{4DB08821-BF72-4BA6-A8C0-F6C24D1DD36F}.Release|ARM.Build.0 = Release|ARM
		{4DB08821-BF72-4BA6-A8C0-F6C24D1DD36F}.Release|ARM.Deploy.0 = Release|ARM
		{4DB08821-BF72-4BA6-A8C0-F6C24D1DD36F}.Release|iPhone.ActiveCfg = Release|Any CPU
		{4DB08821-BF72-4BA6-A8C0-F6C24D1DD36F}.Release|iPhone.Build.0 = Release|Any CPU
		{4DB08821-BF72-4BA6-A8C0-F6C24D1DD36F}.Release|iPhone.Deploy.0 = Release|Any CPU
		{4DB08821-BF72-4BA6-A8C0-F6C24D1DD36F}.Release|iPhoneSimulator.ActiveCfg = Release|Any CPU
		{4DB08821-BF72-4BA6-A8C0-F6C24D1DD36F}.Release|iPhoneSimulator.Build.0 = Release|Any CPU
		{4DB08821-BF72-4BA6-A8C0-F6C24D1DD36F}.Release|iPhoneSimulator.Deploy.0 = Release|Any CPU
		{4DB08821-BF72-4BA6-A8C0-F6C24D1DD36F}.Release|x64.ActiveCfg = Release|Any CPU
		{4DB08821-BF72-4BA6-A8C0-F6C24D1DD36F}.Release|x64.Build.0 = Release|Any CPU
		{4DB08821-BF72-4BA6-A8C0-F6C24D1DD36F}.Release|x64.Deploy.0 = Release|Any CPU
		{4DB08821-BF72-4BA6-A8C0-F6C24D1DD36F}.Release|x86.ActiveCfg = Release|x86
		{4DB08821-BF72-4BA6-A8C0-F6C24D1DD36F}.Release|x86.Build.0 = Release|x86
		{4DB08821-BF72-4BA6-A8C0-F6C24D1DD36F}.Release|x86.Deploy.0 = Release|x86
		{9FB7DAC6-A620-456B-96C1-BB62A66C25EA}.Ad-Hoc|Any CPU.ActiveCfg = Release|Any CPU
		{9FB7DAC6-A620-456B-96C1-BB62A66C25EA}.Ad-Hoc|Any CPU.Build.0 = Release|Any CPU
		{9FB7DAC6-A620-456B-96C1-BB62A66C25EA}.Ad-Hoc|Any CPU.Deploy.0 = Release|Any CPU
		{9FB7DAC6-A620-456B-96C1-BB62A66C25EA}.Ad-Hoc|ARM.ActiveCfg = Release|ARM
		{9FB7DAC6-A620-456B-96C1-BB62A66C25EA}.Ad-Hoc|ARM.Build.0 = Release|ARM
		{9FB7DAC6-A620-456B-96C1-BB62A66C25EA}.Ad-Hoc|ARM.Deploy.0 = Release|ARM
		{9FB7DAC6-A620-456B-96C1-BB62A66C25EA}.Ad-Hoc|iPhone.ActiveCfg = Release|Any CPU
		{9FB7DAC6-A620-456B-96C1-BB62A66C25EA}.Ad-Hoc|iPhone.Build.0 = Release|Any CPU
		{9FB7DAC6-A620-456B-96C1-BB62A66C25EA}.Ad-Hoc|iPhone.Deploy.0 = Release|Any CPU
		{9FB7DAC6-A620-456B-96C1-BB62A66C25EA}.Ad-Hoc|iPhoneSimulator.ActiveCfg = Release|Any CPU
		{9FB7DAC6-A620-456B-96C1-BB62A66C25EA}.Ad-Hoc|iPhoneSimulator.Build.0 = Release|Any CPU
		{9FB7DAC6-A620-456B-96C1-BB62A66C25EA}.Ad-Hoc|iPhoneSimulator.Deploy.0 = Release|Any CPU
		{9FB7DAC6-A620-456B-96C1-BB62A66C25EA}.Ad-Hoc|x64.ActiveCfg = Release|x64
		{9FB7DAC6-A620-456B-96C1-BB62A66C25EA}.Ad-Hoc|x64.Build.0 = Release|x64
		{9FB7DAC6-A620-456B-96C1-BB62A66C25EA}.Ad-Hoc|x64.Deploy.0 = Release|x64
		{9FB7DAC6-A620-456B-96C1-BB62A66C25EA}.Ad-Hoc|x86.ActiveCfg = Release|x86
		{9FB7DAC6-A620-456B-96C1-BB62A66C25EA}.Ad-Hoc|x86.Build.0 = Release|x86
		{9FB7DAC6-A620-456B-96C1-BB62A66C25EA}.Ad-Hoc|x86.Deploy.0 = Release|x86
		{9FB7DAC6-A620-456B-96C1-BB62A66C25EA}.AppStore|Any CPU.ActiveCfg = Release|Any CPU
		{9FB7DAC6-A620-456B-96C1-BB62A66C25EA}.AppStore|Any CPU.Build.0 = Release|Any CPU
		{9FB7DAC6-A620-456B-96C1-BB62A66C25EA}.AppStore|Any CPU.Deploy.0 = Release|Any CPU
		{9FB7DAC6-A620-456B-96C1-BB62A66C25EA}.AppStore|ARM.ActiveCfg = Release|ARM
		{9FB7DAC6-A620-456B-96C1-BB62A66C25EA}.AppStore|ARM.Build.0 = Release|ARM
		{9FB7DAC6-A620-456B-96C1-BB62A66C25EA}.AppStore|ARM.Deploy.0 = Release|ARM
		{9FB7DAC6-A620-456B-96C1-BB62A66C25EA}.AppStore|iPhone.ActiveCfg = Release|Any CPU
		{9FB7DAC6-A620-456B-96C1-BB62A66C25EA}.AppStore|iPhone.Build.0 = Release|Any CPU
		{9FB7DAC6-A620-456B-96C1-BB62A66C25EA}.AppStore|iPhone.Deploy.0 = Release|Any CPU
		{9FB7DAC6-A620-456B-96C1-BB62A66C25EA}.AppStore|iPhoneSimulator.ActiveCfg = Release|Any CPU
		{9FB7DAC6-A620-456B-96C1-BB62A66C25EA}.AppStore|iPhoneSimulator.Build.0 = Release|Any CPU
		{9FB7DAC6-A620-456B-96C1-BB62A66C25EA}.AppStore|iPhoneSimulator.Deploy.0 = Release|Any CPU
		{9FB7DAC6-A620-456B-96C1-BB62A66C25EA}.AppStore|x64.ActiveCfg = Release|x64
		{9FB7DAC6-A620-456B-96C1-BB62A66C25EA}.AppStore|x64.Build.0 = Release|x64
		{9FB7DAC6-A620-456B-96C1-BB62A66C25EA}.AppStore|x64.Deploy.0 = Release|x64
		{9FB7DAC6-A620-456B-96C1-BB62A66C25EA}.AppStore|x86.ActiveCfg = Release|x86
		{9FB7DAC6-A620-456B-96C1-BB62A66C25EA}.AppStore|x86.Build.0 = Release|x86
		{9FB7DAC6-A620-456B-96C1-BB62A66C25EA}.AppStore|x86.Deploy.0 = Release|x86
		{9FB7DAC6-A620-456B-96C1-BB62A66C25EA}.Debug|Any CPU.ActiveCfg = Debug|Any CPU
		{9FB7DAC6-A620-456B-96C1-BB62A66C25EA}.Debug|Any CPU.Build.0 = Debug|Any CPU
		{9FB7DAC6-A620-456B-96C1-BB62A66C25EA}.Debug|Any CPU.Deploy.0 = Debug|Any CPU
		{9FB7DAC6-A620-456B-96C1-BB62A66C25EA}.Debug|ARM.ActiveCfg = Debug|ARM
		{9FB7DAC6-A620-456B-96C1-BB62A66C25EA}.Debug|ARM.Build.0 = Debug|ARM
		{9FB7DAC6-A620-456B-96C1-BB62A66C25EA}.Debug|ARM.Deploy.0 = Debug|ARM
		{9FB7DAC6-A620-456B-96C1-BB62A66C25EA}.Debug|iPhone.ActiveCfg = Debug|Any CPU
		{9FB7DAC6-A620-456B-96C1-BB62A66C25EA}.Debug|iPhone.Build.0 = Debug|Any CPU
		{9FB7DAC6-A620-456B-96C1-BB62A66C25EA}.Debug|iPhone.Deploy.0 = Debug|Any CPU
		{9FB7DAC6-A620-456B-96C1-BB62A66C25EA}.Debug|iPhoneSimulator.ActiveCfg = Debug|Any CPU
		{9FB7DAC6-A620-456B-96C1-BB62A66C25EA}.Debug|iPhoneSimulator.Build.0 = Debug|Any CPU
		{9FB7DAC6-A620-456B-96C1-BB62A66C25EA}.Debug|iPhoneSimulator.Deploy.0 = Debug|Any CPU
		{9FB7DAC6-A620-456B-96C1-BB62A66C25EA}.Debug|x64.ActiveCfg = Debug|x64
		{9FB7DAC6-A620-456B-96C1-BB62A66C25EA}.Debug|x64.Build.0 = Debug|x64
		{9FB7DAC6-A620-456B-96C1-BB62A66C25EA}.Debug|x64.Deploy.0 = Debug|x64
		{9FB7DAC6-A620-456B-96C1-BB62A66C25EA}.Debug|x86.ActiveCfg = Debug|x86
		{9FB7DAC6-A620-456B-96C1-BB62A66C25EA}.Debug|x86.Build.0 = Debug|x86
		{9FB7DAC6-A620-456B-96C1-BB62A66C25EA}.Debug|x86.Deploy.0 = Debug|x86
		{9FB7DAC6-A620-456B-96C1-BB62A66C25EA}.Release|Any CPU.ActiveCfg = Release|Any CPU
		{9FB7DAC6-A620-456B-96C1-BB62A66C25EA}.Release|Any CPU.Build.0 = Release|Any CPU
		{9FB7DAC6-A620-456B-96C1-BB62A66C25EA}.Release|Any CPU.Deploy.0 = Release|Any CPU
		{9FB7DAC6-A620-456B-96C1-BB62A66C25EA}.Release|ARM.ActiveCfg = Release|ARM
		{9FB7DAC6-A620-456B-96C1-BB62A66C25EA}.Release|ARM.Build.0 = Release|ARM
		{9FB7DAC6-A620-456B-96C1-BB62A66C25EA}.Release|ARM.Deploy.0 = Release|ARM
		{9FB7DAC6-A620-456B-96C1-BB62A66C25EA}.Release|iPhone.ActiveCfg = Release|Any CPU
		{9FB7DAC6-A620-456B-96C1-BB62A66C25EA}.Release|iPhone.Build.0 = Release|Any CPU
		{9FB7DAC6-A620-456B-96C1-BB62A66C25EA}.Release|iPhone.Deploy.0 = Release|Any CPU
		{9FB7DAC6-A620-456B-96C1-BB62A66C25EA}.Release|iPhoneSimulator.ActiveCfg = Release|Any CPU
		{9FB7DAC6-A620-456B-96C1-BB62A66C25EA}.Release|iPhoneSimulator.Build.0 = Release|Any CPU
		{9FB7DAC6-A620-456B-96C1-BB62A66C25EA}.Release|iPhoneSimulator.Deploy.0 = Release|Any CPU
		{9FB7DAC6-A620-456B-96C1-BB62A66C25EA}.Release|x64.ActiveCfg = Release|x64
		{9FB7DAC6-A620-456B-96C1-BB62A66C25EA}.Release|x64.Build.0 = Release|x64
		{9FB7DAC6-A620-456B-96C1-BB62A66C25EA}.Release|x64.Deploy.0 = Release|x64
		{9FB7DAC6-A620-456B-96C1-BB62A66C25EA}.Release|x86.ActiveCfg = Release|x86
		{9FB7DAC6-A620-456B-96C1-BB62A66C25EA}.Release|x86.Build.0 = Release|x86
		{9FB7DAC6-A620-456B-96C1-BB62A66C25EA}.Release|x86.Deploy.0 = Release|x86
	EndGlobalSection
	GlobalSection(SolutionProperties) = preSolution
		HideSolutionNode = FALSE
	EndGlobalSection
EndGlobal
